// !$*UTF8*$!
{
	archiveVersion = 1;
	classes = {
	};
	objectVersion = 46;
	objects = {

/* Begin PBXBuildFile section */
		D91E83B21ACA8EBF0055B974 /* PaserHelper.swift in Sources */ = {isa = PBXBuildFile; fileRef = D91E83B11ACA8EBF0055B974 /* PaserHelper.swift */; };
		D91E83B51ACABEC90055B974 /* Network.swift in Sources */ = {isa = PBXBuildFile; fileRef = D91E83B41ACABEC90055B974 /* Network.swift */; };
		D92449ED1ACD1F5E005D1AB7 /* FlipCell.swift in Sources */ = {isa = PBXBuildFile; fileRef = D92449EC1ACD1F5E005D1AB7 /* FlipCell.swift */; };
		D98A1B811ACD420900FB4635 /* PreviewController.swift in Sources */ = {isa = PBXBuildFile; fileRef = D98A1B801ACD420900FB4635 /* PreviewController.swift */; };
		D98A1B831ACD496D00FB4635 /* PreviewCell.swift in Sources */ = {isa = PBXBuildFile; fileRef = D98A1B821ACD496D00FB4635 /* PreviewCell.swift */; };
		D99648EE1AEE003200183CE0 /* HUDHelper.swift in Sources */ = {isa = PBXBuildFile; fileRef = D99648ED1AEE003200183CE0 /* HUDHelper.swift */; };
		D9A0BE551AD6A518008109A1 /* GoogleMobileAds.framework in Frameworks */ = {isa = PBXBuildFile; fileRef = D9A0BE541AD6A518008109A1 /* GoogleMobileAds.framework */; };
		D9F183D91AD660F800F3B084 /* ESImageViewController.m in Sources */ = {isa = PBXBuildFile; fileRef = D9F183D61AD660F800F3B084 /* ESImageViewController.m */; };
		D9F183DA1AD660F800F3B084 /* ESModalImageViewAnimationController.m in Sources */ = {isa = PBXBuildFile; fileRef = D9F183D81AD660F800F3B084 /* ESModalImageViewAnimationController.m */; };
		D9F183DF1AD699D500F3B084 /* EventKit.framework in Frameworks */ = {isa = PBXBuildFile; fileRef = D9F183DD1AD699D500F3B084 /* EventKit.framework */; };
		D9F183E01AD699D500F3B084 /* EventKitUI.framework in Frameworks */ = {isa = PBXBuildFile; fileRef = D9F183DE1AD699D500F3B084 /* EventKitUI.framework */; };
		D9F183E21AD699DC00F3B084 /* StoreKit.framework in Frameworks */ = {isa = PBXBuildFile; fileRef = D9F183E11AD699DC00F3B084 /* StoreKit.framework */; };
		D9F183E41AD699E200F3B084 /* MessageUI.framework in Frameworks */ = {isa = PBXBuildFile; fileRef = D9F183E31AD699E200F3B084 /* MessageUI.framework */; };
		D9F183E61AD699E800F3B084 /* CoreTelephony.framework in Frameworks */ = {isa = PBXBuildFile; fileRef = D9F183E51AD699E800F3B084 /* CoreTelephony.framework */; };
		D9F183E81AD699EF00F3B084 /* CoreGraphics.framework in Frameworks */ = {isa = PBXBuildFile; fileRef = D9F183E71AD699EF00F3B084 /* CoreGraphics.framework */; };
		D9F183EA1AD699F900F3B084 /* AudioToolbox.framework in Frameworks */ = {isa = PBXBuildFile; fileRef = D9F183E91AD699F900F3B084 /* AudioToolbox.framework */; };
		D9F183EC1AD699FF00F3B084 /* AVFoundation.framework in Frameworks */ = {isa = PBXBuildFile; fileRef = D9F183EB1AD699FF00F3B084 /* AVFoundation.framework */; };
		D9F183EE1AD69A0400F3B084 /* CFNetwork.framework in Frameworks */ = {isa = PBXBuildFile; fileRef = D9F183ED1AD69A0400F3B084 /* CFNetwork.framework */; };
		D9F183F01AD69A0900F3B084 /* AdSupport.framework in Frameworks */ = {isa = PBXBuildFile; fileRef = D9F183EF1AD69A0900F3B084 /* AdSupport.framework */; };
		D9F76C5D1ACA748D007C92CB /* AppDelegate.swift in Sources */ = {isa = PBXBuildFile; fileRef = D9F76C5C1ACA748D007C92CB /* AppDelegate.swift */; };
		D9F76C5F1ACA748D007C92CB /* ViewController.swift in Sources */ = {isa = PBXBuildFile; fileRef = D9F76C5E1ACA748D007C92CB /* ViewController.swift */; };
		D9F76C621ACA748D007C92CB /* Main.storyboard in Resources */ = {isa = PBXBuildFile; fileRef = D9F76C601ACA748D007C92CB /* Main.storyboard */; };
		D9F76C641ACA748D007C92CB /* Images.xcassets in Resources */ = {isa = PBXBuildFile; fileRef = D9F76C631ACA748D007C92CB /* Images.xcassets */; };
		D9F76C671ACA748D007C92CB /* LaunchScreen.xib in Resources */ = {isa = PBXBuildFile; fileRef = D9F76C651ACA748D007C92CB /* LaunchScreen.xib */; };
		D9F76C731ACA748D007C92CB /* MokoTests.swift in Sources */ = {isa = PBXBuildFile; fileRef = D9F76C721ACA748D007C92CB /* MokoTests.swift */; };
		D9F76C841ACA7645007C92CB /* MenuController.swift in Sources */ = {isa = PBXBuildFile; fileRef = D9F76C831ACA7645007C92CB /* MenuController.swift */; };
		D9F76C861ACA8642007C92CB /* Contants.swift in Sources */ = {isa = PBXBuildFile; fileRef = D9F76C851ACA8642007C92CB /* Contants.swift */; };
		DC8756C66949A7F94AD65E9C /* libPods-Moko.a in Frameworks */ = {isa = PBXBuildFile; fileRef = 72DB89F015771FFA357F4166 /* libPods-Moko.a */; };
/* End PBXBuildFile section */

/* Begin PBXContainerItemProxy section */
		D9F76C6D1ACA748D007C92CB /* PBXContainerItemProxy */ = {
			isa = PBXContainerItemProxy;
			containerPortal = D9F76C4F1ACA748D007C92CB /* Project object */;
			proxyType = 1;
			remoteGlobalIDString = D9F76C561ACA748D007C92CB;
			remoteInfo = Moko;
		};
/* End PBXContainerItemProxy section */

/* Begin PBXFileReference section */
		72DB89F015771FFA357F4166 /* libPods-Moko.a */ = {isa = PBXFileReference; explicitFileType = archive.ar; includeInIndex = 0; path = "libPods-Moko.a"; sourceTree = BUILT_PRODUCTS_DIR; };
		BCE665A5A4D79212F982AB53 /* Pods-Moko.release.xcconfig */ = {isa = PBXFileReference; includeInIndex = 1; lastKnownFileType = text.xcconfig; name = "Pods-Moko.release.xcconfig"; path = "Pods/Target Support Files/Pods-Moko/Pods-Moko.release.xcconfig"; sourceTree = "<group>"; };
		D2FCAEF935D2E94D9CE03C7A /* Pods-Moko.debug.xcconfig */ = {isa = PBXFileReference; includeInIndex = 1; lastKnownFileType = text.xcconfig; name = "Pods-Moko.debug.xcconfig"; path = "Pods/Target Support Files/Pods-Moko/Pods-Moko.debug.xcconfig"; sourceTree = "<group>"; };
		D91E83B11ACA8EBF0055B974 /* PaserHelper.swift */ = {isa = PBXFileReference; fileEncoding = 4; lastKnownFileType = sourcecode.swift; path = PaserHelper.swift; sourceTree = "<group>"; };
		D91E83B41ACABEC90055B974 /* Network.swift */ = {isa = PBXFileReference; fileEncoding = 4; lastKnownFileType = sourcecode.swift; path = Network.swift; sourceTree = "<group>"; };
		D92449EC1ACD1F5E005D1AB7 /* FlipCell.swift */ = {isa = PBXFileReference; fileEncoding = 4; lastKnownFileType = sourcecode.swift; path = FlipCell.swift; sourceTree = "<group>"; };
		D98A1B801ACD420900FB4635 /* PreviewController.swift */ = {isa = PBXFileReference; fileEncoding = 4; lastKnownFileType = sourcecode.swift; path = PreviewController.swift; sourceTree = "<group>"; };
		D98A1B821ACD496D00FB4635 /* PreviewCell.swift */ = {isa = PBXFileReference; fileEncoding = 4; lastKnownFileType = sourcecode.swift; path = PreviewCell.swift; sourceTree = "<group>"; };
		D99648ED1AEE003200183CE0 /* HUDHelper.swift */ = {isa = PBXFileReference; fileEncoding = 4; lastKnownFileType = sourcecode.swift; path = HUDHelper.swift; sourceTree = "<group>"; };
		D9A0BE541AD6A518008109A1 /* GoogleMobileAds.framework */ = {isa = PBXFileReference; lastKnownFileType = wrapper.framework; name = GoogleMobileAds.framework; path = Moko/GoogleMobileAds.framework; sourceTree = "<group>"; };
		D9F183D41AD660F800F3B084 /* ESImageViewController-Internals.h */ = {isa = PBXFileReference; fileEncoding = 4; lastKnownFileType = sourcecode.c.h; path = "ESImageViewController-Internals.h"; sourceTree = "<group>"; };
		D9F183D51AD660F800F3B084 /* ESImageViewController.h */ = {isa = PBXFileReference; fileEncoding = 4; lastKnownFileType = sourcecode.c.h; path = ESImageViewController.h; sourceTree = "<group>"; };
		D9F183D61AD660F800F3B084 /* ESImageViewController.m */ = {isa = PBXFileReference; fileEncoding = 4; lastKnownFileType = sourcecode.c.objc; path = ESImageViewController.m; sourceTree = "<group>"; };
		D9F183D71AD660F800F3B084 /* ESModalImageViewAnimationController.h */ = {isa = PBXFileReference; fileEncoding = 4; lastKnownFileType = sourcecode.c.h; path = ESModalImageViewAnimationController.h; sourceTree = "<group>"; };
		D9F183D81AD660F800F3B084 /* ESModalImageViewAnimationController.m */ = {isa = PBXFileReference; fileEncoding = 4; lastKnownFileType = sourcecode.c.objc; path = ESModalImageViewAnimationController.m; sourceTree = "<group>"; };
		D9F183DD1AD699D500F3B084 /* EventKit.framework */ = {isa = PBXFileReference; lastKnownFileType = wrapper.framework; name = EventKit.framework; path = System/Library/Frameworks/EventKit.framework; sourceTree = SDKROOT; };
		D9F183DE1AD699D500F3B084 /* EventKitUI.framework */ = {isa = PBXFileReference; lastKnownFileType = wrapper.framework; name = EventKitUI.framework; path = System/Library/Frameworks/EventKitUI.framework; sourceTree = SDKROOT; };
		D9F183E11AD699DC00F3B084 /* StoreKit.framework */ = {isa = PBXFileReference; lastKnownFileType = wrapper.framework; name = StoreKit.framework; path = System/Library/Frameworks/StoreKit.framework; sourceTree = SDKROOT; };
		D9F183E31AD699E200F3B084 /* MessageUI.framework */ = {isa = PBXFileReference; lastKnownFileType = wrapper.framework; name = MessageUI.framework; path = System/Library/Frameworks/MessageUI.framework; sourceTree = SDKROOT; };
		D9F183E51AD699E800F3B084 /* CoreTelephony.framework */ = {isa = PBXFileReference; lastKnownFileType = wrapper.framework; name = CoreTelephony.framework; path = System/Library/Frameworks/CoreTelephony.framework; sourceTree = SDKROOT; };
		D9F183E71AD699EF00F3B084 /* CoreGraphics.framework */ = {isa = PBXFileReference; lastKnownFileType = wrapper.framework; name = CoreGraphics.framework; path = System/Library/Frameworks/CoreGraphics.framework; sourceTree = SDKROOT; };
		D9F183E91AD699F900F3B084 /* AudioToolbox.framework */ = {isa = PBXFileReference; lastKnownFileType = wrapper.framework; name = AudioToolbox.framework; path = System/Library/Frameworks/AudioToolbox.framework; sourceTree = SDKROOT; };
		D9F183EB1AD699FF00F3B084 /* AVFoundation.framework */ = {isa = PBXFileReference; lastKnownFileType = wrapper.framework; name = AVFoundation.framework; path = System/Library/Frameworks/AVFoundation.framework; sourceTree = SDKROOT; };
		D9F183ED1AD69A0400F3B084 /* CFNetwork.framework */ = {isa = PBXFileReference; lastKnownFileType = wrapper.framework; name = CFNetwork.framework; path = System/Library/Frameworks/CFNetwork.framework; sourceTree = SDKROOT; };
		D9F183EF1AD69A0900F3B084 /* AdSupport.framework */ = {isa = PBXFileReference; lastKnownFileType = wrapper.framework; name = AdSupport.framework; path = System/Library/Frameworks/AdSupport.framework; sourceTree = SDKROOT; };
		D9F76C571ACA748D007C92CB /* Moko.app */ = {isa = PBXFileReference; explicitFileType = wrapper.application; includeInIndex = 0; path = Moko.app; sourceTree = BUILT_PRODUCTS_DIR; };
		D9F76C5B1ACA748D007C92CB /* Info.plist */ = {isa = PBXFileReference; lastKnownFileType = text.plist.xml; path = Info.plist; sourceTree = "<group>"; };
		D9F76C5C1ACA748D007C92CB /* AppDelegate.swift */ = {isa = PBXFileReference; lastKnownFileType = sourcecode.swift; path = AppDelegate.swift; sourceTree = "<group>"; };
		D9F76C5E1ACA748D007C92CB /* ViewController.swift */ = {isa = PBXFileReference; lastKnownFileType = sourcecode.swift; path = ViewController.swift; sourceTree = "<group>"; };
		D9F76C611ACA748D007C92CB /* Base */ = {isa = PBXFileReference; lastKnownFileType = file.storyboard; name = Base; path = Base.lproj/Main.storyboard; sourceTree = "<group>"; };
		D9F76C631ACA748D007C92CB /* Images.xcassets */ = {isa = PBXFileReference; lastKnownFileType = folder.assetcatalog; path = Images.xcassets; sourceTree = "<group>"; };
		D9F76C661ACA748D007C92CB /* Base */ = {isa = PBXFileReference; lastKnownFileType = file.xib; name = Base; path = Base.lproj/LaunchScreen.xib; sourceTree = "<group>"; };
		D9F76C6C1ACA748D007C92CB /* MokoTests.xctest */ = {isa = PBXFileReference; explicitFileType = wrapper.cfbundle; includeInIndex = 0; path = MokoTests.xctest; sourceTree = BUILT_PRODUCTS_DIR; };
		D9F76C711ACA748D007C92CB /* Info.plist */ = {isa = PBXFileReference; lastKnownFileType = text.plist.xml; path = Info.plist; sourceTree = "<group>"; };
		D9F76C721ACA748D007C92CB /* MokoTests.swift */ = {isa = PBXFileReference; lastKnownFileType = sourcecode.swift; path = MokoTests.swift; sourceTree = "<group>"; };
		D9F76C7F1ACA75A7007C92CB /* Moko-Bridging-Header.h */ = {isa = PBXFileReference; lastKnownFileType = sourcecode.c.h; name = "Moko-Bridging-Header.h"; path = "Library/Moko-Bridging-Header.h"; sourceTree = "<group>"; };
		D9F76C831ACA7645007C92CB /* MenuController.swift */ = {isa = PBXFileReference; fileEncoding = 4; lastKnownFileType = sourcecode.swift; path = MenuController.swift; sourceTree = "<group>"; };
		D9F76C851ACA8642007C92CB /* Contants.swift */ = {isa = PBXFileReference; fileEncoding = 4; lastKnownFileType = sourcecode.swift; path = Contants.swift; sourceTree = "<group>"; };
/* End PBXFileReference section */

/* Begin PBXFrameworksBuildPhase section */
		D9F76C541ACA748D007C92CB /* Frameworks */ = {
			isa = PBXFrameworksBuildPhase;
			buildActionMask = 2147483647;
			files = (
				D9F183F01AD69A0900F3B084 /* AdSupport.framework in Frameworks */,
				D9F183EE1AD69A0400F3B084 /* CFNetwork.framework in Frameworks */,
				D9F183EC1AD699FF00F3B084 /* AVFoundation.framework in Frameworks */,
				D9F183EA1AD699F900F3B084 /* AudioToolbox.framework in Frameworks */,
				D9F183E81AD699EF00F3B084 /* CoreGraphics.framework in Frameworks */,
				D9F183E61AD699E800F3B084 /* CoreTelephony.framework in Frameworks */,
				D9A0BE551AD6A518008109A1 /* GoogleMobileAds.framework in Frameworks */,
				D9F183E41AD699E200F3B084 /* MessageUI.framework in Frameworks */,
				D9F183E21AD699DC00F3B084 /* StoreKit.framework in Frameworks */,
				D9F183DF1AD699D500F3B084 /* EventKit.framework in Frameworks */,
				D9F183E01AD699D500F3B084 /* EventKitUI.framework in Frameworks */,
				DC8756C66949A7F94AD65E9C /* libPods-Moko.a in Frameworks */,
			);
			runOnlyForDeploymentPostprocessing = 0;
		};
		D9F76C691ACA748D007C92CB /* Frameworks */ = {
			isa = PBXFrameworksBuildPhase;
			buildActionMask = 2147483647;
			files = (
			);
			runOnlyForDeploymentPostprocessing = 0;
		};
/* End PBXFrameworksBuildPhase section */

/* Begin PBXGroup section */
		2123F73A9E5FDEA69AD92C63 /* Frameworks */ = {
			isa = PBXGroup;
			children = (
				D9A0BE541AD6A518008109A1 /* GoogleMobileAds.framework */,
				D9F183EF1AD69A0900F3B084 /* AdSupport.framework */,
				D9F183ED1AD69A0400F3B084 /* CFNetwork.framework */,
				D9F183EB1AD699FF00F3B084 /* AVFoundation.framework */,
				D9F183E91AD699F900F3B084 /* AudioToolbox.framework */,
				D9F183E71AD699EF00F3B084 /* CoreGraphics.framework */,
				D9F183E51AD699E800F3B084 /* CoreTelephony.framework */,
				D9F183E31AD699E200F3B084 /* MessageUI.framework */,
				D9F183E11AD699DC00F3B084 /* StoreKit.framework */,
				D9F183DD1AD699D500F3B084 /* EventKit.framework */,
				D9F183DE1AD699D500F3B084 /* EventKitUI.framework */,
				72DB89F015771FFA357F4166 /* libPods-Moko.a */,
			);
			name = Frameworks;
			sourceTree = "<group>";
		};
		BB7102FE57F16A942292408A /* Pods */ = {
			isa = PBXGroup;
			children = (
				D2FCAEF935D2E94D9CE03C7A /* Pods-Moko.debug.xcconfig */,
				BCE665A5A4D79212F982AB53 /* Pods-Moko.release.xcconfig */,
			);
			name = Pods;
			sourceTree = "<group>";
		};
		D91E83B01ACA8EA00055B974 /* Model */ = {
			isa = PBXGroup;
			children = (
				D91E83B11ACA8EBF0055B974 /* PaserHelper.swift */,
				D91E83B41ACABEC90055B974 /* Network.swift */,
				D99648ED1AEE003200183CE0 /* HUDHelper.swift */,
			);
			path = Model;
			sourceTree = "<group>";
		};
		D92449EB1ACD1F3D005D1AB7 /* Cell */ = {
			isa = PBXGroup;
			children = (
				D92449EC1ACD1F5E005D1AB7 /* FlipCell.swift */,
				D98A1B821ACD496D00FB4635 /* PreviewCell.swift */,
			);
			path = Cell;
			sourceTree = "<group>";
		};
		D9F76C4E1ACA748D007C92CB = {
			isa = PBXGroup;
			children = (
				D9F76C591ACA748D007C92CB /* Moko */,
				D9F76C6F1ACA748D007C92CB /* MokoTests */,
				D9F76C581ACA748D007C92CB /* Products */,
				BB7102FE57F16A942292408A /* Pods */,
				2123F73A9E5FDEA69AD92C63 /* Frameworks */,
			);
			sourceTree = "<group>";
		};
		D9F76C581ACA748D007C92CB /* Products */ = {
			isa = PBXGroup;
			children = (
				D9F76C571ACA748D007C92CB /* Moko.app */,
				D9F76C6C1ACA748D007C92CB /* MokoTests.xctest */,
			);
			name = Products;
			sourceTree = "<group>";
		};
		D9F76C591ACA748D007C92CB /* Moko */ = {
			isa = PBXGroup;
			children = (
				D91E83B01ACA8EA00055B974 /* Model */,
				D9F76C7C1ACA7595007C92CB /* Controller */,
				D9F76C7D1ACA7595007C92CB /* Library */,
				D9F76C7E1ACA7595007C92CB /* View */,
				D9F76C5C1ACA748D007C92CB /* AppDelegate.swift */,
				D9F76C5E1ACA748D007C92CB /* ViewController.swift */,
				D9F76C831ACA7645007C92CB /* MenuController.swift */,
				D9F76C601ACA748D007C92CB /* Main.storyboard */,
				D9F76C631ACA748D007C92CB /* Images.xcassets */,
				D9F76C651ACA748D007C92CB /* LaunchScreen.xib */,
				D9F76C5A1ACA748D007C92CB /* Supporting Files */,
			);
			path = Moko;
			sourceTree = "<group>";
		};
		D9F76C5A1ACA748D007C92CB /* Supporting Files */ = {
			isa = PBXGroup;
			children = (
				D9F76C7F1ACA75A7007C92CB /* Moko-Bridging-Header.h */,
				D9F76C5B1ACA748D007C92CB /* Info.plist */,
				D9F76C851ACA8642007C92CB /* Contants.swift */,
			);
			name = "Supporting Files";
			sourceTree = "<group>";
		};
		D9F76C6F1ACA748D007C92CB /* MokoTests */ = {
			isa = PBXGroup;
			children = (
				D9F76C721ACA748D007C92CB /* MokoTests.swift */,
				D9F76C701ACA748D007C92CB /* Supporting Files */,
			);
			path = MokoTests;
			sourceTree = "<group>";
		};
		D9F76C701ACA748D007C92CB /* Supporting Files */ = {
			isa = PBXGroup;
			children = (
				D9F76C711ACA748D007C92CB /* Info.plist */,
			);
			name = "Supporting Files";
			sourceTree = "<group>";
		};
		D9F76C7C1ACA7595007C92CB /* Controller */ = {
			isa = PBXGroup;
			children = (
				D98A1B801ACD420900FB4635 /* PreviewController.swift */,
			);
			path = Controller;
			sourceTree = "<group>";
		};
		D9F76C7D1ACA7595007C92CB /* Library */ = {
			isa = PBXGroup;
			children = (
				D9F183D41AD660F800F3B084 /* ESImageViewController-Internals.h */,
				D9F183D51AD660F800F3B084 /* ESImageViewController.h */,
				D9F183D61AD660F800F3B084 /* ESImageViewController.m */,
				D9F183D71AD660F800F3B084 /* ESModalImageViewAnimationController.h */,
				D9F183D81AD660F800F3B084 /* ESModalImageViewAnimationController.m */,
			);
			path = Library;
			sourceTree = "<group>";
		};
		D9F76C7E1ACA7595007C92CB /* View */ = {
			isa = PBXGroup;
			children = (
				D92449EB1ACD1F3D005D1AB7 /* Cell */,
			);
			path = View;
			sourceTree = "<group>";
		};
/* End PBXGroup section */

/* Begin PBXNativeTarget section */
		D9F76C561ACA748D007C92CB /* Moko */ = {
			isa = PBXNativeTarget;
			buildConfigurationList = D9F76C761ACA748D007C92CB /* Build configuration list for PBXNativeTarget "Moko" */;
			buildPhases = (
				33FE68991B9B9510C9D5E932 /* Check Pods Manifest.lock */,
				D9F76C531ACA748D007C92CB /* Sources */,
				D9F76C541ACA748D007C92CB /* Frameworks */,
				D9F76C551ACA748D007C92CB /* Resources */,
				EA7389D3DA16A1D0AB55DABE /* Copy Pods Resources */,
			);
			buildRules = (
			);
			dependencies = (
			);
			name = Moko;
			productName = Moko;
			productReference = D9F76C571ACA748D007C92CB /* Moko.app */;
			productType = "com.apple.product-type.application";
		};
		D9F76C6B1ACA748D007C92CB /* MokoTests */ = {
			isa = PBXNativeTarget;
			buildConfigurationList = D9F76C791ACA748D007C92CB /* Build configuration list for PBXNativeTarget "MokoTests" */;
			buildPhases = (
				D9F76C681ACA748D007C92CB /* Sources */,
				D9F76C691ACA748D007C92CB /* Frameworks */,
				D9F76C6A1ACA748D007C92CB /* Resources */,
			);
			buildRules = (
			);
			dependencies = (
				D9F76C6E1ACA748D007C92CB /* PBXTargetDependency */,
			);
			name = MokoTests;
			productName = MokoTests;
			productReference = D9F76C6C1ACA748D007C92CB /* MokoTests.xctest */;
			productType = "com.apple.product-type.bundle.unit-test";
		};
/* End PBXNativeTarget section */

/* Begin PBXProject section */
		D9F76C4F1ACA748D007C92CB /* Project object */ = {
			isa = PBXProject;
			attributes = {
				LastUpgradeCheck = 0620;
				ORGANIZATIONNAME = "黄伟华";
				TargetAttributes = {
					D9F76C561ACA748D007C92CB = {
						CreatedOnToolsVersion = 6.2;
						DevelopmentTeam = GW7ZRB8ABG;
					};
					D9F76C6B1ACA748D007C92CB = {
						CreatedOnToolsVersion = 6.2;
						TestTargetID = D9F76C561ACA748D007C92CB;
					};
				};
			};
			buildConfigurationList = D9F76C521ACA748D007C92CB /* Build configuration list for PBXProject "Moko" */;
			compatibilityVersion = "Xcode 3.2";
			developmentRegion = English;
			hasScannedForEncodings = 0;
			knownRegions = (
				en,
				Base,
			);
			mainGroup = D9F76C4E1ACA748D007C92CB;
			productRefGroup = D9F76C581ACA748D007C92CB /* Products */;
			projectDirPath = "";
			projectRoot = "";
			targets = (
				D9F76C561ACA748D007C92CB /* Moko */,
				D9F76C6B1ACA748D007C92CB /* MokoTests */,
			);
		};
/* End PBXProject section */

/* Begin PBXResourcesBuildPhase section */
		D9F76C551ACA748D007C92CB /* Resources */ = {
			isa = PBXResourcesBuildPhase;
			buildActionMask = 2147483647;
			files = (
				D9F76C621ACA748D007C92CB /* Main.storyboard in Resources */,
				D9F76C671ACA748D007C92CB /* LaunchScreen.xib in Resources */,
				D9F76C641ACA748D007C92CB /* Images.xcassets in Resources */,
			);
			runOnlyForDeploymentPostprocessing = 0;
		};
		D9F76C6A1ACA748D007C92CB /* Resources */ = {
			isa = PBXResourcesBuildPhase;
			buildActionMask = 2147483647;
			files = (
			);
			runOnlyForDeploymentPostprocessing = 0;
		};
/* End PBXResourcesBuildPhase section */

/* Begin PBXShellScriptBuildPhase section */
		33FE68991B9B9510C9D5E932 /* Check Pods Manifest.lock */ = {
			isa = PBXShellScriptBuildPhase;
			buildActionMask = 2147483647;
			files = (
			);
			inputPaths = (
			);
			name = "Check Pods Manifest.lock";
			outputPaths = (
			);
			runOnlyForDeploymentPostprocessing = 0;
			shellPath = /bin/sh;
			shellScript = "diff \"${PODS_ROOT}/../Podfile.lock\" \"${PODS_ROOT}/Manifest.lock\" > /dev/null\nif [[ $? != 0 ]] ; then\n    cat << EOM\nerror: The sandbox is not in sync with the Podfile.lock. Run 'pod install' or update your CocoaPods installation.\nEOM\n    exit 1\nfi\n";
			showEnvVarsInLog = 0;
		};
		EA7389D3DA16A1D0AB55DABE /* Copy Pods Resources */ = {
			isa = PBXShellScriptBuildPhase;
			buildActionMask = 2147483647;
			files = (
			);
			inputPaths = (
			);
			name = "Copy Pods Resources";
			outputPaths = (
			);
			runOnlyForDeploymentPostprocessing = 0;
			shellPath = /bin/sh;
			shellScript = "\"${SRCROOT}/Pods/Target Support Files/Pods-Moko/Pods-Moko-resources.sh\"\n";
			showEnvVarsInLog = 0;
		};
/* End PBXShellScriptBuildPhase section */

/* Begin PBXSourcesBuildPhase section */
		D9F76C531ACA748D007C92CB /* Sources */ = {
			isa = PBXSourcesBuildPhase;
			buildActionMask = 2147483647;
			files = (
				D9F183D91AD660F800F3B084 /* ESImageViewController.m in Sources */,
				D98A1B831ACD496D00FB4635 /* PreviewCell.swift in Sources */,
				D98A1B811ACD420900FB4635 /* PreviewController.swift in Sources */,
				D99648EE1AEE003200183CE0 /* HUDHelper.swift in Sources */,
				D9F76C5F1ACA748D007C92CB /* ViewController.swift in Sources */,
				D92449ED1ACD1F5E005D1AB7 /* FlipCell.swift in Sources */,
				D9F76C841ACA7645007C92CB /* MenuController.swift in Sources */,
				D91E83B51ACABEC90055B974 /* Network.swift in Sources */,
				D9F76C5D1ACA748D007C92CB /* AppDelegate.swift in Sources */,
				D9F183DA1AD660F800F3B084 /* ESModalImageViewAnimationController.m in Sources */,
				D9F76C861ACA8642007C92CB /* Contants.swift in Sources */,
				D91E83B21ACA8EBF0055B974 /* PaserHelper.swift in Sources */,
			);
			runOnlyForDeploymentPostprocessing = 0;
		};
		D9F76C681ACA748D007C92CB /* Sources */ = {
			isa = PBXSourcesBuildPhase;
			buildActionMask = 2147483647;
			files = (
				D9F76C731ACA748D007C92CB /* MokoTests.swift in Sources */,
			);
			runOnlyForDeploymentPostprocessing = 0;
		};
/* End PBXSourcesBuildPhase section */

/* Begin PBXTargetDependency section */
		D9F76C6E1ACA748D007C92CB /* PBXTargetDependency */ = {
			isa = PBXTargetDependency;
			target = D9F76C561ACA748D007C92CB /* Moko */;
			targetProxy = D9F76C6D1ACA748D007C92CB /* PBXContainerItemProxy */;
		};
/* End PBXTargetDependency section */

/* Begin PBXVariantGroup section */
		D9F76C601ACA748D007C92CB /* Main.storyboard */ = {
			isa = PBXVariantGroup;
			children = (
				D9F76C611ACA748D007C92CB /* Base */,
			);
			name = Main.storyboard;
			sourceTree = "<group>";
		};
		D9F76C651ACA748D007C92CB /* LaunchScreen.xib */ = {
			isa = PBXVariantGroup;
			children = (
				D9F76C661ACA748D007C92CB /* Base */,
			);
			name = LaunchScreen.xib;
			sourceTree = "<group>";
		};
/* End PBXVariantGroup section */

/* Begin XCBuildConfiguration section */
		D9F76C741ACA748D007C92CB /* Debug */ = {
			isa = XCBuildConfiguration;
			buildSettings = {
				ALWAYS_SEARCH_USER_PATHS = NO;
				CLANG_CXX_LANGUAGE_STANDARD = "gnu++0x";
				CLANG_CXX_LIBRARY = "libc++";
				CLANG_ENABLE_MODULES = YES;
				CLANG_ENABLE_OBJC_ARC = YES;
				CLANG_WARN_BOOL_CONVERSION = YES;
				CLANG_WARN_CONSTANT_CONVERSION = YES;
				CLANG_WARN_DIRECT_OBJC_ISA_USAGE = YES_ERROR;
				CLANG_WARN_EMPTY_BODY = YES;
				CLANG_WARN_ENUM_CONVERSION = YES;
				CLANG_WARN_INT_CONVERSION = YES;
				CLANG_WARN_OBJC_ROOT_CLASS = YES_ERROR;
				CLANG_WARN_UNREACHABLE_CODE = YES;
				CLANG_WARN__DUPLICATE_METHOD_MATCH = YES;
				"CODE_SIGN_IDENTITY[sdk=iphoneos*]" = "iPhone Developer";
				COPY_PHASE_STRIP = NO;
				ENABLE_STRICT_OBJC_MSGSEND = YES;
				GCC_C_LANGUAGE_STANDARD = gnu99;
				GCC_DYNAMIC_NO_PIC = NO;
				GCC_OPTIMIZATION_LEVEL = 0;
				GCC_PREPROCESSOR_DEFINITIONS = (
					"DEBUG=1",
					"$(inherited)",
				);
				GCC_SYMBOLS_PRIVATE_EXTERN = NO;
				GCC_WARN_64_TO_32_BIT_CONVERSION = YES;
				GCC_WARN_ABOUT_RETURN_TYPE = YES_ERROR;
				GCC_WARN_UNDECLARED_SELECTOR = YES;
				GCC_WARN_UNINITIALIZED_AUTOS = YES_AGGRESSIVE;
				GCC_WARN_UNUSED_FUNCTION = YES;
				GCC_WARN_UNUSED_VARIABLE = YES;
				IPHONEOS_DEPLOYMENT_TARGET = 8.2;
				MTL_ENABLE_DEBUG_INFO = YES;
				ONLY_ACTIVE_ARCH = YES;
				SDKROOT = iphoneos;
				SWIFT_OPTIMIZATION_LEVEL = "-Onone";
			};
			name = Debug;
		};
		D9F76C751ACA748D007C92CB /* Release */ = {
			isa = XCBuildConfiguration;
			buildSettings = {
				ALWAYS_SEARCH_USER_PATHS = NO;
				CLANG_CXX_LANGUAGE_STANDARD = "gnu++0x";
				CLANG_CXX_LIBRARY = "libc++";
				CLANG_ENABLE_MODULES = YES;
				CLANG_ENABLE_OBJC_ARC = YES;
				CLANG_WARN_BOOL_CONVERSION = YES;
				CLANG_WARN_CONSTANT_CONVERSION = YES;
				CLANG_WARN_DIRECT_OBJC_ISA_USAGE = YES_ERROR;
				CLANG_WARN_EMPTY_BODY = YES;
				CLANG_WARN_ENUM_CONVERSION = YES;
				CLANG_WARN_INT_CONVERSION = YES;
				CLANG_WARN_OBJC_ROOT_CLASS = YES_ERROR;
				CLANG_WARN_UNREACHABLE_CODE = YES;
				CLANG_WARN__DUPLICATE_METHOD_MATCH = YES;
				"CODE_SIGN_IDENTITY[sdk=iphoneos*]" = "iPhone Developer";
				COPY_PHASE_STRIP = NO;
				ENABLE_NS_ASSERTIONS = NO;
				ENABLE_STRICT_OBJC_MSGSEND = YES;
				GCC_C_LANGUAGE_STANDARD = gnu99;
				GCC_WARN_64_TO_32_BIT_CONVERSION = YES;
				GCC_WARN_ABOUT_RETURN_TYPE = YES_ERROR;
				GCC_WARN_UNDECLARED_SELECTOR = YES;
				GCC_WARN_UNINITIALIZED_AUTOS = YES_AGGRESSIVE;
				GCC_WARN_UNUSED_FUNCTION = YES;
				GCC_WARN_UNUSED_VARIABLE = YES;
				IPHONEOS_DEPLOYMENT_TARGET = 8.2;
				MTL_ENABLE_DEBUG_INFO = NO;
				SDKROOT = iphoneos;
				VALIDATE_PRODUCT = YES;
			};
			name = Release;
		};
		D9F76C771ACA748D007C92CB /* Debug */ = {
			isa = XCBuildConfiguration;
			baseConfigurationReference = D2FCAEF935D2E94D9CE03C7A /* Pods-Moko.debug.xcconfig */;
			buildSettings = {
				ASSETCATALOG_COMPILER_APPICON_NAME = AppIcon;
				ASSETCATALOG_COMPILER_LAUNCHIMAGE_NAME = LaunchImage;
				CLANG_ENABLE_MODULES = YES;
				CODE_SIGN_IDENTITY = "iPhone Developer";
				"CODE_SIGN_IDENTITY[sdk=iphoneos*]" = "iPhone Developer: Jiabin Li (7BJKV25ZMB)";
				FRAMEWORK_SEARCH_PATHS = (
					"$(inherited)",
					"$(PROJECT_DIR)/Moko/Library",
					"$(PROJECT_DIR)",
					"$(PROJECT_DIR)/Moko",
				);
				INFOPLIST_FILE = Moko/Info.plist;
				IPHONEOS_DEPLOYMENT_TARGET = 8.0;
				LD_RUNPATH_SEARCH_PATHS = "$(inherited) @executable_path/Frameworks";
				PRODUCT_NAME = "$(TARGET_NAME)";
				PROVISIONING_PROFILE = "";
				SWIFT_OBJC_BRIDGING_HEADER = "Moko/Library/Moko-Bridging-Header.h";
				SWIFT_OPTIMIZATION_LEVEL = "-Onone";
			};
			name = Debug;
		};
		D9F76C781ACA748D007C92CB /* Release */ = {
			isa = XCBuildConfiguration;
			baseConfigurationReference = BCE665A5A4D79212F982AB53 /* Pods-Moko.release.xcconfig */;
			buildSettings = {
				ASSETCATALOG_COMPILER_APPICON_NAME = AppIcon;
				ASSETCATALOG_COMPILER_LAUNCHIMAGE_NAME = LaunchImage;
				CLANG_ENABLE_MODULES = YES;
				CODE_SIGN_IDENTITY = "iPhone Distribution: Jiabin Li (GW7ZRB8ABG)";
				"CODE_SIGN_IDENTITY[sdk=iphoneos*]" = "iPhone Distribution: Jiabin Li (GW7ZRB8ABG)";
				FRAMEWORK_SEARCH_PATHS = (
					"$(inherited)",
					"$(PROJECT_DIR)/Moko/Library",
					"$(PROJECT_DIR)",
					"$(PROJECT_DIR)/Moko",
				);
				INFOPLIST_FILE = Moko/Info.plist;
				IPHONEOS_DEPLOYMENT_TARGET = 8.0;
				LD_RUNPATH_SEARCH_PATHS = "$(inherited) @executable_path/Frameworks";
				PRODUCT_NAME = "$(TARGET_NAME)";
				PROVISIONING_PROFILE = "";
				SWIFT_OBJC_BRIDGING_HEADER = "Moko/Library/Moko-Bridging-Header.h";
			};
			name = Release;
		};
		D9F76C7A1ACA748D007C92CB /* Debug */ = {
			isa = XCBuildConfiguration;
			buildSettings = {
				BUNDLE_LOADER = "$(TEST_HOST)";
				FRAMEWORK_SEARCH_PATHS = (
					"$(SDKROOT)/Developer/Library/Frameworks",
					"$(inherited)",
				);
				GCC_PREPROCESSOR_DEFINITIONS = (
					"DEBUG=1",
					"$(inherited)",
				);
				INFOPLIST_FILE = MokoTests/Info.plist;
				LD_RUNPATH_SEARCH_PATHS = "$(inherited) @executable_path/Frameworks @loader_path/Frameworks";
				PRODUCT_NAME = "$(TARGET_NAME)";
				TEST_HOST = "$(BUILT_PRODUCTS_DIR)/Moko.app/Moko";
			};
			name = Debug;
		};
		D9F76C7B1ACA748D007C92CB /* Release */ = {
			isa = XCBuildConfiguration;
			buildSettings = {
				BUNDLE_LOADER = "$(TEST_HOST)";
				FRAMEWORK_SEARCH_PATHS = (
					"$(SDKROOT)/Developer/Library/Frameworks",
					"$(inherited)",
				);
				INFOPLIST_FILE = MokoTests/Info.plist;
				LD_RUNPATH_SEARCH_PATHS = "$(inherited) @executable_path/Frameworks @loader_path/Frameworks";
				PRODUCT_NAME = "$(TARGET_NAME)";
				TEST_HOST = "$(BUILT_PRODUCTS_DIR)/Moko.app/Moko";
			};
			name = Release;
		};
/* End XCBuildConfiguration section */

/* Begin XCConfigurationList section */
		D9F76C521ACA748D007C92CB /* Build configuration list for PBXProject "Moko" */ = {
			isa = XCConfigurationList;
			buildConfigurations = (
				D9F76C741ACA748D007C92CB /* Debug */,
				D9F76C751ACA748D007C92CB /* Release */,
			);
			defaultConfigurationIsVisible = 0;
			defaultConfigurationName = Release;
		};
		D9F76C761ACA748D007C92CB /* Build configuration list for PBXNativeTarget "Moko" */ = {
			isa = XCConfigurationList;
			buildConfigurations = (
				D9F76C771ACA748D007C92CB /* Debug */,
				D9F76C781ACA748D007C92CB /* Release */,
			);
			defaultConfigurationIsVisible = 0;
			defaultConfigurationName = Release;
		};
		D9F76C791ACA748D007C92CB /* Build configuration list for PBXNativeTarget "MokoTests" */ = {
			isa = XCConfigurationList;
			buildConfigurations = (
				D9F76C7A1ACA748D007C92CB /* Debug */,
				D9F76C7B1ACA748D007C92CB /* Release */,
			);
			defaultConfigurationIsVisible = 0;
			defaultConfigurationName = Release;
		};
/* End XCConfigurationList section */
	};
	rootObject = D9F76C4F1ACA748D007C92CB /* Project object */;
}
